# This file was autogenerated by uv via the following command:
#    uv pip compile requirements.txt --python-version 3.12 --universal --generate-hashes --output-file requirements.lock
asyncpg==0.31.0 \
    --hash=sha256:027eaa61361ec735926566f995d959ade4796f6a49d3bde17e5134b9964f9ba8 \
    --hash=sha256:04d19392716af6b029411a0264d92093b6e5e8285ae97a39957b9a9c14ea72be \
    --hash=sha256:0b17c89312c2f4ccea222a3a6571f7df65d4ba2c0e803339bfc7bed46a96d3be \
    --hash=sha256:0bfbcc5b7ffcd9b75ab1558f00db2ae07db9c80637ad1b2469c43df79d7a5ae2 \
    --hash=sha256:0c89ccf741c067614c9b5fc7f1fc6f3b61ab05ae4aaa966e6fd6b93097c7d20d \
    --hash=sha256:12b3b2e39dc5470abd5e98c8d3373e4b1d1234d9fbdedf538798b2c13c64460a \
    --hash=sha256:18c83b03bc0d1b23e6230f5bf8d4f217dc9bc08644ce0502a9d91dc9e634a9c7 \
    --hash=sha256:19857a358fc811d82227449b7ca40afb46e75b33eb8897240c3839dd8b744218 \
    --hash=sha256:1b41f1afb1033f2b44f3234993b15096ddc9cd71b21a42dbd87fc6a57b43d65d \
    --hash=sha256:22bc525ebbdc24d1261ecbf6f504998244d4e3be1721784b5f64664d61fbe602 \
    --hash=sha256:22be6e02381bab3101cd502d9297ac71e2f966c86e20e78caead9934c98a8af6 \
    --hash=sha256:2657204552b75f8288de08ca60faf4a99a65deef3a71d1467454123205a88fab \
    --hash=sha256:2d076d42eb583601179efa246c5d7ae44614b4144bc1c7a683ad1222814ed095 \
    --hash=sha256:334dec28cf20d7f5bb9e45b39546ddf247f8042a690bff9b9573d00086e69cb5 \
    --hash=sha256:37a58919cfef2448a920df00d1b2f821762d17194d0dbf355d6dde8d952c04f9 \
    --hash=sha256:37fc6c00a814e18eef51833545d1891cac9aa69140598bb076b4cd29b3e010b9 \
    --hash=sha256:3b1fbcb0e396a5ca435a8826a87e5c2c2cc0c8c68eb6fadf82168056b0e53a8c \
    --hash=sha256:3df118d94f46d85b2e434fd62c84cb66d5834d5a890725fe625f498e72e4d5ec \
    --hash=sha256:3faa62f997db0c9add34504a68ac2c342cfee4d57a0c3062fcf0d86c7f9cb1e8 \
    --hash=sha256:480c4befbdf079c14c9ca43c8c5e1fe8b6296c96f1f927158d4f1e750aacc047 \
    --hash=sha256:54a64f91839ba59008eccf7aad2e93d6e3de688d796f35803235ea1c4898ae1e \
    --hash=sha256:5a4af56edf82a701aece93190cc4e094d2df7d33f6e915c222fb09efbb5afc24 \
    --hash=sha256:6d11b198111a72f47154fa03b85799f9be63701e068b43f84ac25da0bda9cb31 \
    --hash=sha256:72d6bdcbc93d608a1158f17932de2321f68b1a967a13e014998db87a72ed3186 \
    --hash=sha256:795416369c3d284e1837461909f58418ad22b305f955e625a4b3a2521d80a5f3 \
    --hash=sha256:831712dd3cf117eec68575a9b50da711893fd63ebe277fc155ecae1c6c9f0f61 \
    --hash=sha256:8df714dba348efcc162d2adf02d213e5fab1bd9f557e1305633e851a61814a7a \
    --hash=sha256:8ea599d45c361dfbf398cb67da7fd052affa556a401482d3ff1ee99bd68808a1 \
    --hash=sha256:9322b563e2661a52e3cdbc93eed3be7748b289f792e0011cb2720d278b366ce2 \
    --hash=sha256:98cc158c53f46de7bb677fd20c417e264fc02b36d901cc2a43bd6cb0dc6dbfd2 \
    --hash=sha256:9ea33213ac044171f4cac23740bed9a3805abae10e7025314cfbd725ec670540 \
    --hash=sha256:a429e842a3a4b4ea240ea52d7fe3f82d5149853249306f7ff166cb9948faa46c \
    --hash=sha256:a8d758dac9d2e723e173d286ef5e574f0b350ec00e9186fce84d0fc5f6a8e6b8 \
    --hash=sha256:aad7a33913fb8bcb5454313377cc330fbb19a0cd5faa7272407d8a0c4257b671 \
    --hash=sha256:b44c31e1efc1c15188ef183f287c728e2046abb1d26af4d20858215d50d91fad \
    --hash=sha256:ba5f8886e850882ff2c2ace5732300e99193823e8107e2c53ef01c1ebfa1e85d \
    --hash=sha256:bb223567dea5f47c45d347f2bde5486be8d9f40339f27217adb3fb1c3be51298 \
    --hash=sha256:bc2b685f400ceae428f79f78b58110470d7b4466929a7f78d455964b17ad1008 \
    --hash=sha256:bd4107bb7cdd0e9e65fae66a62afd3a249663b844fa34d479f6d5b3bef9c04c3 \
    --hash=sha256:bd5b6efff3c17c3202d4b37189969acf8927438a238c6257f66be3c426beba20 \
    --hash=sha256:bdb957706da132e982cc6856bb2f7b740603472b54c3ebc77fe60ea3e57e1bd2 \
    --hash=sha256:bef056aa502ee34204c161c72ca1f3c274917596877f825968368b2c33f585f4 \
    --hash=sha256:c0807be46c32c963ae40d329b3a686356e417f674c976c07fa49f1b30303f109 \
    --hash=sha256:c0e0822b1038dc7253b337b0f3f676cadc4ac31b126c5d42691c39691962e403 \
    --hash=sha256:c1a9c5b71d2371a2290bc93336cd05ba4ec781683cab292adbddc084f89443c6 \
    --hash=sha256:c1e1ab5bc65373d92dd749d7308c5b26fb2dc0fbe5d3bf68a32b676aa3bcd24a \
    --hash=sha256:c204fab1b91e08b0f47e90a75d1b3c62174dab21f670ad6c5d0f243a228f015b \
    --hash=sha256:c989386c83940bfbd787180f2b1519415e2d3d6277a70d9d0f0145ac73500735 \
    --hash=sha256:cea3a0b2a14f95834cee29432e4ddc399b95700eb1d51bbc5bfee8f31fa07b2b \
    --hash=sha256:dc5f2fa9916f292e5c5c8b2ac2813763bcd7f58e130055b4ad8a0531314201ab \
    --hash=sha256:e009abc333464ff18b8f6fd146addffd9aaf63e79aa3bb40ab7a4c332d0c5e9e \
    --hash=sha256:e5d5098f63beeae93512ee513d4c0c53dc12e9aa2b7a1af5a81cddf93fe4e4da \
    --hash=sha256:e6974f36eb9a224d8fb428bcf66bd411aa12cf57c2967463178149e73d4de366 \
    --hash=sha256:ebb3cde58321a1f89ce41812be3f2a98dddedc1e76d0838aba1d724f1e4e1a95 \
    --hash=sha256:eee690960e8ab85063ba93af2ce128c0f52fd655fdff9fdb1a28df01329f031d \
    --hash=sha256:f6b56b91bb0ffc328c4e3ed113136cddd9deefdf5f79ab448598b9772831df44 \
    --hash=sha256:f890de5e1e4f7e14023619399a471ce4b71f5418cd67a51853b9910fdfa73696
    # via -r requirements.txt
clickhouse-driver==0.2.10 \
    --hash=sha256:00c1a376c8a76d34b113a56961865ebbb8814047702ecf329e9c216608bca24b \
    --hash=sha256:04ff1331e87c1191e8f4e3cf2a05277ebf38805f6ec75dccc2c9cf4ced20894e \
    --hash=sha256:050ee9743d4884f0b3fd94b7a93cf32855be021c0fd1a4babf0573e7ec2d6120 \
    --hash=sha256:06b6b683af086f9049d0c5e7e660fb76013439efa640e6c8ff6673622c3838fa \
    --hash=sha256:0f10d1f449a9b8b45d6227e3a2f43f3533496f5868dde898211d0f5592f22fb1 \
    --hash=sha256:0fd9f72fcfe86e0fef0681cd124325714e92e96ad1fd675dfbeaccdfb7bd2f64 \
    --hash=sha256:0ff5cba860df61845d6ae12f31d4a70ff4ae3be4e6a8a876e68af8aa4b0e45bc \
    --hash=sha256:10ac189db27d1bf27860a8809c8bb9ba0c275f7e95d9aa62a86b131fe5b2922e \
    --hash=sha256:13fdf6571e20ac79992605ad65058296ac0f2437c1e7428a98dd6d173753119e \
    --hash=sha256:14d6fed705c798d10c2426634a4856fb36702b7dbb786e363edad710972e2b47 \
    --hash=sha256:171dc1fa26ea61162f65fe9bf642883160a0f8894c2450d0c7097a1517a7d346 \
    --hash=sha256:1851f5f8b84ead0be6373ef001e8f09d48d45ec0628377e199a223e70417cd40 \
    --hash=sha256:188775d38ff7cb36e7045441aabf3a6a8751127d8b37b6eb1b1518494eaac5bd \
    --hash=sha256:190e284f97fb06c30d88b12402666c0ec2a81ea35ba2019cdbc7e284db8ae505 \
    --hash=sha256:1959a181f37c29ae07a98e3e999ea5961d0864c48856fb32fea3346695d4a3ba \
    --hash=sha256:19dd1de015d98dd1559d14ef05de2b6a0560c98b77ef160b3b99632a87fc8212 \
    --hash=sha256:1dc2b570b3c02baf1ba759f1db3cc5d49b4f968f32dd56710ca4f892700079c1 \
    --hash=sha256:1e891162226a44fa169bdc996efd49b22bcf59372c35118ec5785e936fe97178 \
    --hash=sha256:20b16b066760cfcc6a8a5342e91585a84ba22152f83421030edd3582b6e420e3 \
    --hash=sha256:23abafd0c883ccc1baea527c1d05a6bc0c59aae6c29ae65e1b84d498b265f8c0 \
    --hash=sha256:27397d41661b8aa29b304c70e06ba820c8158e8c6708beac4edb360aa56e7755 \
    --hash=sha256:293f47bd36a5b69ede39638ea8f7c1eb3fa7e55f35778a3feb9a3615749100c4 \
    --hash=sha256:2f1d42ffcdc5b77346403e7ac49639a48c2fb58767a3e55657bd40e36290e9f0 \
    --hash=sha256:3572e74cd65828f72284bf607de259c059178b44b19a93cb67766b7e7458cf8e \
    --hash=sha256:3a261947ba0cf0034d044c30563ad151d1cf8156a5ff419b017c423b4235e0ac \
    --hash=sha256:3ce051f55bdb33396f76a77702936bfa973dfd98f7cf00a72817a1e01c9b7406 \
    --hash=sha256:44b43b670a52031919f6cd401d4bb613b2858ea0838bbd78ab2c51ea107d2d7d \
    --hash=sha256:451edd25a1f46153e5550609479376d85c1cc58b652ce71f127c9332d4b318e2 \
    --hash=sha256:46aebe903aff48452ed64de81c6a218c37f9617c9a1ea1eb84ed4c410899c620 \
    --hash=sha256:46e63ea32b9a2dc7dbb51817b9e972d148fae967938a93458903ff8e143f2c84 \
    --hash=sha256:4801b3cd3759abfd34c83689aebf65512cd7da5157bf995ddca45e1e95ee79e7 \
    --hash=sha256:4a61dac61cbed12789ad0bced043f6215e0253e0a41a2e8ee419d0be84f2acfb \
    --hash=sha256:4db23cbc4b29180130b689eb6edeb55f52c0457f8ed7f327239313d8de8a0cb7 \
    --hash=sha256:503bbcbfedd65840489dadf3d0a2ac391888828b8f82579e6ec08efb1f362659 \
    --hash=sha256:512cf77f964bce509ec1b48a90b0ea466ea1124f14fda189e934346e5c36b65f \
    --hash=sha256:5348a2d45aa01aaf8caadfb6dc1b49fb4d4ae37642f08f1857e0da73d1ba3514 \
    --hash=sha256:570fd08d5972f2dea7e915837322db707dd1b69dea24c17c4c824d70d233bcbe \
    --hash=sha256:5ac6eed651dd6320a50338ff331fea93d20ed13dec27c7c7bfab71f8db3c76bb \
    --hash=sha256:5b9c74b9895ad8a313154a274374d113efef08ddfb911af5f23bc6a881c4a0c4 \
    --hash=sha256:5be143e33e330e856e65d40cdfdd38c0f215ba5140807aee5e923fd0c8cf04c8 \
    --hash=sha256:5ed1cc3087eadafe0e2f6f7063c1e3f943838b9178baa6b59718a9f7a739e430 \
    --hash=sha256:639299ab612fd5b321edc30dd09fc30221c86b87ca49b7da1b433d7b9243c761 \
    --hash=sha256:64aa403194bf4d3bdbecc2f8412ca85f4b9a35ed8dc228f23061a9889ce18dc4 \
    --hash=sha256:68e96e04282d126486b3820391a8ebf1d7c32b61e5fcbd701aeeda79017349e5 \
    --hash=sha256:6d5b32d0824ecd348ba1f11d9df7d7e09134e11a5ca001e283cbe953bc9baf48 \
    --hash=sha256:6df571410f149e16e0a0e5529f1c2a9e41bb62b9357a3c8b0bd0647d6bb0fd1e \
    --hash=sha256:7482b310aeff32614e9eb206ad84b1c9227b14a0e6c70265babb1c9211f2ecb6 \
    --hash=sha256:74b36dfb79311bcf1ba6edde926908a46778a5e9db6302f126a799550f1fb807 \
    --hash=sha256:767af2b2d2e02fb7abd8fc9619f8aa2de65be010d3024029d68bc9b1be564466 \
    --hash=sha256:77ffe2063469c637c5e57bf0713ca1b617b612d55a8392799f97e34c353e6908 \
    --hash=sha256:7ad5f948a673e377b8eac4f7b4fc842199b01ca3d72577438a6dffe24da0c10d \
    --hash=sha256:85e46e31e4b14626571819e669341a3017376ce935d25b2cc0bfea9343b1b562 \
    --hash=sha256:8803dbe931dfea9d52ac8eb992dcab5238b715c625804480e3b6132ab95058d4 \
    --hash=sha256:888ab59b2cccda24680cfbaeb723fd8922c6148b9a43ad4cf067fef55959f19f \
    --hash=sha256:8953e40b91db1967b8ef90a4207a6bb6ab4da0cf8dd50e2f2ab04af7aa031bfb \
    --hash=sha256:8be64c77d58d4a33b3c957cdb7c5a4deeac56bf93f4188dbfb5c5454eb04c985 \
    --hash=sha256:8c49d4b6619ce9237817185a41db6645f1557f7a77f2a822029ded1041179d55 \
    --hash=sha256:8fc51b0991dc9b89ea2379a0bc0995a9ed24428aad834f6af7841cc94488b82f \
    --hash=sha256:908b69d2f2c51cf0603a5464be51df5f0e3e670b75f1d17a3b51a4bb8481620a \
    --hash=sha256:925fc6ecda1e5314e3f03bcb493955c068b070cdba221fb8ce27329ee8a7f71b \
    --hash=sha256:946daf834f021d69acbebee7abde87bd4ad5aa46fa7b7643805abc7ff487a91f \
    --hash=sha256:9617c6ef154e58c6693be6e1169000957238f83d21fe20d57bb492412cc6128d \
    --hash=sha256:9f14d3c618dd4015a5b7c142fb0cf554d482212231bde0c98fb93b56865d91fc \
    --hash=sha256:9f17746188833162e06e6af595e6a41c2ed09c7714b96860217c696fdb7689cf \
    --hash=sha256:a62ad120dab6bcc68b6413b7ef0dbaef75ab5ca985d490a9e1ec13d93bf33dc3 \
    --hash=sha256:a9f65e71c99f0c8a64afa348977793967f897c4f731984ed54fed4eca8d375a0 \
    --hash=sha256:ac0b7e65f1c8d4fa2608e80128677efd536f7a800246a2daaf021209d85aa9d2 \
    --hash=sha256:b00005a89f0e40ec0bc313f7e131d958aa17e6af5c3260dbb5c7daf5370c5443 \
    --hash=sha256:b1641dcef0af756e34e77d96761abbeacbe490e750ed048f35ca6e939b230067 \
    --hash=sha256:b60c7e3321214eec4568811bcd953836671fa078c57f6607f236414447636de2 \
    --hash=sha256:b6f35a9ee7f7a8ce3483764c3bc2d23c8be1c5ce3aef537b1a3cebe59fdb0c4d \
    --hash=sha256:b8c2dbee2083295c6d9789a10cb0c967c4e123e6315e3192e4ad935cd55967c3 \
    --hash=sha256:b97c257b90cc23a0ce64ecabc79ec627bbc51b5fb129607e79974139f62eb86e \
    --hash=sha256:bf421b4ebac316a4c26e01dff9cf49d93fdf788e48de763464538ec2f62781ef \
    --hash=sha256:c120b182ea7e9713b119ba2b518dd75503c18f26cb001a6e436326765fddd123 \
    --hash=sha256:c5744daafdd0ff7520c6ae95a78211a0ff5c2cfb3513a20f5602d2bc7eed580d \
    --hash=sha256:c9aeebbb0c159173de37deef494b28a4423a767cd7c4b2d596556f7a072f90a6 \
    --hash=sha256:c9f18746a15860b1cc48b8254a87120f628337003b716988116e3acf342c3266 \
    --hash=sha256:ca517354471a43e35852da6943c9a005f420e20e75c6444f8d640277d2eb026a \
    --hash=sha256:cb0bbad7b79ecb41f5f348528b6b0c46850d741669dd453f5fa633a8f3eff855 \
    --hash=sha256:cd3777d74787707d1b273f8491d38deff213dcf1d2669d9d91bf109cd0cd930d \
    --hash=sha256:cf0fe791e7c2adc0ab41d4770953c00f8a88bdd7e3ee83bb849a661a6c93d4ef \
    --hash=sha256:d3275a7059484d60e4e7c79da15a960c1924e8581ec51394455ac732f74976b6 \
    --hash=sha256:d3da6f6d05f14780f3183f8b7b23ed9826d1e0f2f73c2471037d5335b474782e \
    --hash=sha256:d7435d1ff2bc577aeedf8f01d94b5777af382484f8973a9c5018d5afd0dd175c \
    --hash=sha256:d94f4db3c338ed41b28379931756852586920c5cbac1f07fcc8b7f109b3e69db \
    --hash=sha256:deb2463626345e36bfa59747f2fcc016f963a4d46e949d1e0a570a9f4a0dabfc \
    --hash=sha256:df2d77779fcc1ddb68614b75bf45b8db61cf63f42a03d5624ce6922a305e609f \
    --hash=sha256:e24582110f3d532b35e106583981bea0b7a3b10167c8a890a7b6ea5c7c6ce6d6 \
    --hash=sha256:e76c1189a6273c79d906ee8274b9d3c7bf8df597ee6199cb75449ee2702deb8a \
    --hash=sha256:ea3a0c852f227d0217bf72f536b8056804c9fc932ea8a48845d68f68e473b242 \
    --hash=sha256:ea94c2f6d42263395d0d86ce21788c167009451044046b825ecffb6746803b67 \
    --hash=sha256:f02f6c9f71ae5c06e3b760d3d9f4f758b32acf6f71504b6d90bacca9abbfec18 \
    --hash=sha256:fad865009d96de44d548f1691ed92adee971f72c001cf4466b3ba2ac7d9db47b \
    --hash=sha256:fbf5d692ee4df241e82d200a195dc2ddbe7fbf490ebd185fbd9da32478245399 \
    --hash=sha256:fbfe244d2f06824e175492a54033d8282f0ec5644db8e7e3805f7a9d076f5fcf \
    --hash=sha256:ff9256548d053d9b7237013ddf5f2f72042f21a85dad076aa4b6832a029382f5
    # via -r requirements.txt
pytz==2026.2 \
    --hash=sha256:04156e608bee23d3792fd45c94ae47fae1036688e75032eea2e3bf0323d1f126 \
    --hash=sha256:0e60b47b29f21574376f218fe21abc009894a2321ea16c6754f3cad6eb7cdd6a
    # via clickhouse-driver
redis==8.0.1 \
    --hash=sha256:47daa35a058c23468d6437f17a8c76882cb316b838ef763036af99b96cedd743 \
    --hash=sha256:afc5a7a2f5a084f5b1880dec548dd45be17db7e43c82a30d84f952aefb05cfb0
    # via -r requirements.txt
tzdata==2026.3 ; sys_platform == 'win32' \
    --hash=sha256:4a1518b8993086a7982523e071643f3c0e5f213e75b21318e78bcabfff9d1415 \
    --hash=sha256:dc096730c87af6cab1b171c9d532be840741ff5d459015e7f6947bd7d7e54931
    # via tzlocal
tzlocal==5.4.4 \
    --hash=sha256:8dbb8660838688a7b6ba4fed31d18dedf842afb4d47ca050d6d891c2c15f3be4 \
    --hash=sha256:aae09f0126a8a86fa736be266eb4a471380d26a0de3bc14844e7821fee3e2a15
    # via clickhouse-driver
